
Microsoft Visual Studio Solution File, Format Version 12.00
# Visual Studio Version 17
VisualStudioVersion = 17.0.31903.59
MinimumVisualStudioVersion = 10.0.40219.1
Project("{FAE04EC0-301F-11D3-BF4B-00C04F79EFBC}") = "ConsoleApp", "ConsoleApp\ConsoleApp.csproj", "{9C1B7C7B-FEFB-491F-AC11-8EC68AED04C4}"
EndProject
Project("{FAE04EC0-301F-11D3-BF4B-00C04F79EFBC}") = "Clases", "Clases\Clases.csproj", "{474A0D45-61B7-4421-8077-8DF37BFA4257}"
EndProject
Global
	GlobalSection(SolutionConfigurationPlatforms) = preSolution
		Debug|Any CPU = Debug|Any CPU
		Release|Any CPU = Release|Any CPU
	EndGlobalSection
	GlobalSection(SolutionProperties) = preSolution
		HideSolutionNode = FALSE
	EndGlobalSection
	GlobalSection(ProjectConfigurationPlatforms) = postSolution
		{9C1B7C7B-FEFB-491F-AC11-8EC68AED04C4}.Debug|Any CPU.ActiveCfg = Debug|Any CPU
		{9C1B7C7B-FEFB-491F-AC11-8EC68AED04C4}.Debug|Any CPU.Build.0 = Debug|Any CPU
		{9C1B7C7B-FEFB-491F-AC11-8EC68AED04C4}.Release|Any CPU.ActiveCfg = Release|Any CPU
		{9C1B7C7B-FEFB-491F-AC11-8EC68AED04C4}.Release|Any CPU.Build.0 = Release|Any CPU
		{474A0D45-61B7-4421-8077-8DF37BFA4257}.Debug|Any CPU.ActiveCfg = Debug|Any CPU
		{474A0D45-61B7-4421-8077-8DF37BFA4257}.Debug|Any CPU.Build.0 = Debug|Any CPU
		{474A0D45-61B7-4421-8077-8DF37BFA4257}.Release|Any CPU.ActiveCfg = Release|Any CPU
		{474A0D45-61B7-4421-8077-8DF37BFA4257}.Release|Any CPU.Build.0 = Release|Any CPU
	EndGlobalSection
EndGlobal
