
Microsoft Visual Studio Solution File, Format Version 12.00
# Visual Studio Version 17
VisualStudioVersion = 17.0.31903.59
MinimumVisualStudioVersion = 10.0.40219.1
Project("{FAE04EC0-301F-11D3-BF4B-00C04F79EFBC}") = "ConsoleApp", "ConsoleApp\ConsoleApp.csproj", "{B4D5ECDD-CB35-4D67-B22A-F4ED32D2BFBA}"
EndProject
Project("{FAE04EC0-301F-11D3-BF4B-00C04F79EFBC}") = "Clases", "Clases\Clases.csproj", "{91B2B209-D6F3-44FB-AE82-F7DAE772BC0A}"
EndProject
Global
	GlobalSection(SolutionConfigurationPlatforms) = preSolution
		Debug|Any CPU = Debug|Any CPU
		Release|Any CPU = Release|Any CPU
	EndGlobalSection
	GlobalSection(SolutionProperties) = preSolution
		HideSolutionNode = FALSE
	EndGlobalSection
	GlobalSection(ProjectConfigurationPlatforms) = postSolution
		{B4D5ECDD-CB35-4D67-B22A-F4ED32D2BFBA}.Debug|Any CPU.ActiveCfg = Debug|Any CPU
		{B4D5ECDD-CB35-4D67-B22A-F4ED32D2BFBA}.Debug|Any CPU.Build.0 = Debug|Any CPU
		{B4D5ECDD-CB35-4D67-B22A-F4ED32D2BFBA}.Release|Any CPU.ActiveCfg = Release|Any CPU
		{B4D5ECDD-CB35-4D67-B22A-F4ED32D2BFBA}.Release|Any CPU.Build.0 = Release|Any CPU
		{91B2B209-D6F3-44FB-AE82-F7DAE772BC0A}.Debug|Any CPU.ActiveCfg = Debug|Any CPU
		{91B2B209-D6F3-44FB-AE82-F7DAE772BC0A}.Debug|Any CPU.Build.0 = Debug|Any CPU
		{91B2B209-D6F3-44FB-AE82-F7DAE772BC0A}.Release|Any CPU.ActiveCfg = Release|Any CPU
		{91B2B209-D6F3-44FB-AE82-F7DAE772BC0A}.Release|Any CPU.Build.0 = Release|Any CPU
	EndGlobalSection
EndGlobal
